
Microsoft Visual Studio Solution File, Format Version 12.00
# Visual Studio Version 17
VisualStudioVersion = 17.8.34511.84
MinimumVisualStudioVersion = 10.0.40219.1
Project("{FAE04EC0-301F-11D3-BF4B-00C04F79EFBC}") = "Lab3.Task1", "Lab3.Task1\Lab3.Task1.csproj", "{08C1F2E9-AA96-46D2-AEA0-8EAB62ADDB0E}"
EndProject
Global
	GlobalSection(SolutionConfigurationPlatforms) = preSolution
		Debug|Any CPU = Debug|Any CPU
		Release|Any CPU = Release|Any CPU
	EndGlobalSection
	GlobalSection(ProjectConfigurationPlatforms) = postSolution
		{08C1F2E9-AA96-46D2-AEA0-8EAB62ADDB0E}.Debug|Any CPU.ActiveCfg = Debug|Any CPU
		{08C1F2E9-AA96-46D2-AEA0-8EAB62ADDB0E}.Debug|Any CPU.Build.0 = Debug|Any CPU
		{08C1F2E9-AA96-46D2-AEA0-8EAB62ADDB0E}.Release|Any CPU.ActiveCfg = Release|Any CPU
		{08C1F2E9-AA96-46D2-AEA0-8EAB62ADDB0E}.Release|Any CPU.Build.0 = Release|Any CPU
	EndGlobalSection
	GlobalSection(SolutionProperties) = preSolution
		HideSolutionNode = FALSE
	EndGlobalSection
	GlobalSection(ExtensibilityGlobals) = postSolution
		SolutionGuid = {81DABA55-A245-4BA6-AA56-EC3C678A6A4E}
	EndGlobalSection
EndGlobal
